<?xml version="1.0" encoding="utf-8"?>
<Project ToolsVersion="4.0" xmlns="http://schemas.microsoft.com/developer/msbuild/2003">
  <ItemGroup>
    <Filter Include="Source Files">
      <UniqueIdentifier>{4FC737F1-C7A5-4376-A066-2A32D752A2FF}</UniqueIdentifier>
      <Extensions>cpp;c;cc;cxx;def;odl;idl;hpj;bat;asm;asmx</Extensions>
    </Filter>
    <Filter Include="Header Files">
      <UniqueIdentifier>{93995380-89BD-4b04-88EB-625FBE52EBFB}</UniqueIdentifier>
      <Extensions>h;hpp;hxx;hm;inl;inc;xsd</Extensions>
    </Filter>
    <Filter Include="Resource Files">
      <UniqueIdentifier>{67DA6AB6-F800-4c08-8B7A-83BB121AAD01}</UniqueIdentifier>
      <Extensions>rc;ico;cur;bmp;dlg;rc2;rct;bin;rgs;gif;jpg;jpeg;jpe;resx;tiff;tif;png;wav;mfcribbon-ms</Extensions>
    </Filter>
    <Filter Include="Proto Files">
      <UniqueIdentifier>{6340cb88-3eb8-415b-bbb0-95e85db92aa3}</UniqueIdentifier>
    </Filter>
    <Filter Include="Services">
      <UniqueIdentifier>{caa91ff0-ee16-4a3d-a372-c7965012e4ab}</UniqueIdentifier>
    </Filter>
  </ItemGroup>
  <ItemGroup>
    <None Include="dcomplugin.bat">
      <Filter>Proto Files</Filter>
    </None>
    <None Include="dcomplugin.proto">
      <Filter>Proto Files</Filter>
    </None>
    <None Include="TestDemo.proto">
      <Filter>Proto Files</Filter>
    </None>
    <None Include="TestDemo.bat">
      <Filter>Proto Files</Filter>
    </None>
  </ItemGroup>
  <ItemGroup>
    <ClCompile Include="dcomplugin.pb.cc">
      <Filter>Proto Files</Filter>
    </ClCompile>
    <ClCompile Include="TestDemo.pb.cc">
      <Filter>Proto Files</Filter>
    </ClCompile>
    <ClCompile Include="MessageSerializer.cpp">
      <Filter>Source Files</Filter>
    </ClCompile>
    <ClCompile Include="ErrorHandlers.cpp">
      <Filter>Source Files</Filter>
    </ClCompile>
    <ClCompile Include="Registry.cpp">
      <Filter>Source Files</Filter>
    </ClCompile>
  </ItemGroup>
  <ItemGroup>
    <ClInclude Include="dcomplugin.pb.h">
      <Filter>Proto Files</Filter>
    </ClInclude>
    <ClInclude Include="TestDemo.pb.h">
      <Filter>Proto Files</Filter>
    </ClInclude>
    <ClInclude Include="MessageSerializer.h">
      <Filter>Header Files</Filter>
    </ClInclude>
    <ClInclude Include="ErrorHandlers.h">
      <Filter>Header Files</Filter>
    </ClInclude>
    <ClInclude Include="IComErrorProvider.h">
      <Filter>Header Files</Filter>
    </ClInclude>
    <ClInclude Include="Registry.h">
      <Filter>Header Files</Filter>
    </ClInclude>
    <ClInclude Include="ICounterService.h">
      <Filter>Services</Filter>
    </ClInclude>
    <ClInclude Include="ITextService.h">
      <Filter>Services</Filter>
    </ClInclude>
  </ItemGroup>
</Project>